{
  "name": "@mlola-ui/monorepo",
  "version": "1.0.1",
  "lockfileVersion": 3,
  "requires": true,
  "packages": {
    "": {
      "name": "@mlola-ui/monorepo",
      "version": "1.0.1",
      "license": "MIT",
      "workspaces": [
        "packages/engine",
        "packages/tokens",
        "packages/behavior",
        "packages/motion",
        "packages/scene",
        "packages/icons",
        "packages/registry",
        "packages/cli"
      ],
      "devDependencies": {
        "@types/react": "^19",
        "@types/react-dom": "^19",
        "typescript": "^5.7.0"
      },
      "engines": {
        "node": ">=20"
      }
    },
    "node_modules/@mlola-ui/behavior": {
      "resolved": "packages/behavior",
      "link": true
    },
    "node_modules/@mlola-ui/engine": {
      "resolved": "packages/engine",
      "link": true
    },
    "node_modules/@mlola-ui/icons": {
      "resolved": "packages/icons",
      "link": true
    },
    "node_modules/@mlola-ui/motion": {
      "resolved": "packages/motion",
      "link": true
    },
    "node_modules/@mlola-ui/registry": {
      "resolved": "packages/registry",
      "link": true
    },
    "node_modules/@mlola-ui/scene": {
      "resolved": "packages/scene",
      "link": true
    },
    "node_modules/@mlola-ui/tokens": {
      "resolved": "packages/tokens",
      "link": true
    },
    "node_modules/@types/react": {
      "version": "19.3.0",
      "resolved": "https://registry.npmjs.org/@types/react/-/react-19.3.0.tgz",
      "integrity": "sha512-N0rFCuH9YoxG9/m61l9MfpJKfmLOVU0em7ipIz6TRgSSkvReLB9vL85GB+yr8Bs5leqpvg96JSwF4ZS1s4viQg==",
      "dev": true,
      "license": "MIT",
      "dependencies": {
        "csstype": "^3.2.2"
      }
    },
    "node_modules/@types/react-dom": {
      "version": "19.3.0",
      "resolved": "https://registry.npmjs.org/@types/react-dom/-/react-dom-19.3.0.tgz",
      "integrity": "sha512-ZI7bU42mZXXKHn/qNLEw2IrbiINU7X5+vfgdixBHkCNpYWXjKgfQ/P+uyGb5CjOLB9UcnTeg3rylQtV2hym44Q==",
      "dev": true,
      "license": "MIT",
      "peerDependencies": {
        "@types/react": "^19.3.0"
      }
    },
    "node_modules/csstype": {
      "version": "3.2.3",
      "resolved": "https://registry.npmjs.org/csstype/-/csstype-3.2.3.tgz",
      "integrity": "sha512-z1HGKcYy2xA8AGQfwrn0PAy+PB7X/GSj3UVJW9qKyn43xWa+gl5nXmU4qqLMRzWVLFC8KusUX8T/0kCiOYpAIQ==",
      "dev": true,
      "license": "MIT"
    },
    "node_modules/mlola-ui": {
      "resolved": "packages/cli",
      "link": true
    },
    "node_modules/react": {
      "version": "19.3.0",
      "resolved": "https://registry.npmjs.org/react/-/react-19.3.0.tgz",
      "integrity": "sha512-E8LUcbtBWt20bbl2YoHfx4ZDBdxVTfOKtCZn9cDSJ4l6/nuoApcpIBcj47t2wZoVX8g2ZHuMHbiShgCR1T5Sog==",
      "license": "MIT",
      "peer": true,
      "engines": {
        "node": ">=0.10.0"
      }
    },
    "node_modules/react-dom": {
      "version": "19.3.0",
      "resolved": "https://registry.npmjs.org/react-dom/-/react-dom-19.3.0.tgz",
      "integrity": "sha512-JDk8dgif51OjFoDE70+OT9ICyYr+69HlmihNwp1+Nsfbna3t5sIiCa9ZJktDmQ4/1b/rn26hIAR2uYXDMr5r0Q==",
      "license": "MIT",
      "peer": true,
      "dependencies": {
        "scheduler": "^0.28.0"
      },
      "peerDependencies": {
        "react": "^19.3.0"
      }
    },
    "node_modules/scheduler": {
      "version": "0.28.0",
      "resolved": "https://registry.npmjs.org/scheduler/-/scheduler-0.28.0.tgz",
      "integrity": "sha512-juorfCmIkIw8tT+p5BXSm6PJjQF/ycEYmKyzURCIt/RaZIhL+PulbQ9Yu2z1HdOJDdqDTlxA1+xKBmHXJsczAw==",
      "license": "MIT",
      "peer": true
    },
    "node_modules/typescript": {
      "version": "5.9.3",
      "resolved": "https://registry.npmjs.org/typescript/-/typescript-5.9.3.tgz",
      "integrity": "sha512-jl1vZzPDinLr9eUt3J/t7V6FgNEw9QjvBPdysz9KfQDD41fQrC2Y4vKQdiaUpFT4bXlb1RHhLpp8wtm6M5TgSw==",
      "dev": true,
      "license": "Apache-2.0",
      "bin": {
        "tsc": "bin/tsc",
        "tsserver": "bin/tsserver"
      },
      "engines": {
        "node": ">=14.17"
      }
    },
    "packages/behavior": {
      "name": "@mlola-ui/behavior",
      "version": "1.0.1",
      "license": "MIT"
    },
    "packages/cli": {
      "name": "mlola-ui",
      "version": "1.0.1",
      "license": "MIT",
      "bin": {
        "mlola-ui": "bin/index.js"
      },
      "engines": {
        "node": ">=20"
      }
    },
    "packages/engine": {
      "name": "@mlola-ui/engine",
      "version": "1.0.1",
      "license": "MIT",
      "engines": {
        "node": ">=20"
      }
    },
    "packages/icons": {
      "name": "@mlola-ui/icons",
      "version": "1.0.1",
      "license": "MIT",
      "peerDependencies": {
        "react": ">=18",
        "react-dom": ">=18"
      }
    },
    "packages/motion": {
      "name": "@mlola-ui/motion",
      "version": "1.0.1",
      "license": "MIT",
      "peerDependencies": {
        "react": ">=18",
        "react-dom": ">=18"
      }
    },
    "packages/registry": {
      "name": "@mlola-ui/registry",
      "version": "1.0.1",
      "license": "MIT",
      "engines": {
        "node": ">=20"
      }
    },
    "packages/scene": {
      "name": "@mlola-ui/scene",
      "version": "1.0.1",
      "license": "MIT",
      "peerDependencies": {
        "react": ">=18",
        "react-dom": ">=18"
      }
    },
    "packages/tokens": {
      "name": "@mlola-ui/tokens",
      "version": "1.0.1",
      "license": "MIT"
    }
  }
}
